
Microsoft Visual Studio Solution File, Format Version 12.00
# Visual Studio 15
VisualStudioVersion = 15.0.28307.757
MinimumVisualStudioVersion = 10.0.40219.1
Project("{8BC9CEB8-8B4A-11D0-8D11-00A0C91BC942}") = "LittleOrionEngine", "LittleOrionEngine.vcxproj", "{746CC4C3-787F-4B0E-AA66-E388FE3FF4F6}"
EndProject
Project("{2150E333-8FDC-42A3-9474-1A3956D46DE8}") = "CustomBuild", "CustomBuild", "{0AC04287-A978-48F3-AD0B-3B43FBCA74AA}"
EndProject
Project("{8BC9CEB8-8B4A-11D0-8D11-00A0C91BC942}") = "MathGeoLib", "Libraries\CustomBuild\MathGeoLib\MathGeoLib.vcxproj", "{1AF1AC42-F58A-4F67-AB3C-E4EA5B5167D7}"
EndProject
Project("{8BC9CEB8-8B4A-11D0-8D11-00A0C91BC942}") = "imgui", "Libraries\CustomBuild\imgui\imgui.vcxproj", "{DE63354A-8A7A-440A-991E-E3F497351308}"
EndProject
Project("{8BC9CEB8-8B4A-11D0-8D11-00A0C91BC942}") = "recast", "Libraries\CustomBuild\recast\recast.vcxproj", "{2A2CC975-1028-4A1F-96CB-8FC85052E441}"
EndProject
Global
	GlobalSection(SolutionConfigurationPlatforms) = preSolution
		Debug|Win32 = Debug|Win32
		Debug|x64 = Debug|x64
		Game|Win32 = Game|Win32
		Game|x64 = Game|x64
		Release|Win32 = Release|Win32
		Release|x64 = Release|x64
	EndGlobalSection
	GlobalSection(ProjectConfigurationPlatforms) = postSolution
		{746CC4C3-787F-4B0E-AA66-E388FE3FF4F6}.Debug|Win32.ActiveCfg = Debug|Win32
		{746CC4C3-787F-4B0E-AA66-E388FE3FF4F6}.Debug|Win32.Build.0 = Debug|Win32
		{746CC4C3-787F-4B0E-AA66-E388FE3FF4F6}.Debug|x64.ActiveCfg = Debug|Win32
		{746CC4C3-787F-4B0E-AA66-E388FE3FF4F6}.Game|Win32.ActiveCfg = Game|Win32
		{746CC4C3-787F-4B0E-AA66-E388FE3FF4F6}.Game|Win32.Build.0 = Game|Win32
		{746CC4C3-787F-4B0E-AA66-E388FE3FF4F6}.Game|x64.ActiveCfg = Release|Win32
		{746CC4C3-787F-4B0E-AA66-E388FE3FF4F6}.Release|Win32.ActiveCfg = Release|Win32
		{746CC4C3-787F-4B0E-AA66-E388FE3FF4F6}.Release|Win32.Build.0 = Release|Win32
		{746CC4C3-787F-4B0E-AA66-E388FE3FF4F6}.Release|x64.ActiveCfg = Release|Win32
		{1AF1AC42-F58A-4F67-AB3C-E4EA5B5167D7}.Debug|Win32.ActiveCfg = Debug|Win32
		{1AF1AC42-F58A-4F67-AB3C-E4EA5B5167D7}.Debug|Win32.Build.0 = Debug|Win32
		{1AF1AC42-F58A-4F67-AB3C-E4EA5B5167D7}.Debug|x64.ActiveCfg = Debug|x64
		{1AF1AC42-F58A-4F67-AB3C-E4EA5B5167D7}.Debug|x64.Build.0 = Debug|x64
		{1AF1AC42-F58A-4F67-AB3C-E4EA5B5167D7}.Game|Win32.ActiveCfg = Release|Win32
		{1AF1AC42-F58A-4F67-AB3C-E4EA5B5167D7}.Game|Win32.Build.0 = Release|Win32
		{1AF1AC42-F58A-4F67-AB3C-E4EA5B5167D7}.Game|x64.ActiveCfg = Release|x64
		{1AF1AC42-F58A-4F67-AB3C-E4EA5B5167D7}.Game|x64.Build.0 = Release|x64
		{1AF1AC42-F58A-4F67-AB3C-E4EA5B5167D7}.Release|Win32.ActiveCfg = Release|Win32
		{1AF1AC42-F58A-4F67-AB3C-E4EA5B5167D7}.Release|Win32.Build.0 = Release|Win32
		{1AF1AC42-F58A-4F67-AB3C-E4EA5B5167D7}.Release|x64.ActiveCfg = Release|x64
		{1AF1AC42-F58A-4F67-AB3C-E4EA5B5167D7}.Release|x64.Build.0 = Release|x64
		{DE63354A-8A7A-440A-991E-E3F497351308}.Debug|Win32.ActiveCfg = Debug|Win32
		{DE63354A-8A7A-440A-991E-E3F497351308}.Debug|Win32.Build.0 = Debug|Win32
		{DE63354A-8A7A-440A-991E-E3F497351308}.Debug|x64.ActiveCfg = Debug|x64
		{DE63354A-8A7A-440A-991E-E3F497351308}.Debug|x64.Build.0 = Debug|x64
		{DE63354A-8A7A-440A-991E-E3F497351308}.Game|Win32.ActiveCfg = Release|Win32
		{DE63354A-8A7A-440A-991E-E3F497351308}.Game|Win32.Build.0 = Release|Win32
		{DE63354A-8A7A-440A-991E-E3F497351308}.Game|x64.ActiveCfg = Release|x64
		{DE63354A-8A7A-440A-991E-E3F497351308}.Game|x64.Build.0 = Release|x64
		{DE63354A-8A7A-440A-991E-E3F497351308}.Release|Win32.ActiveCfg = Release|Win32
		{DE63354A-8A7A-440A-991E-E3F497351308}.Release|Win32.Build.0 = Release|Win32
		{DE63354A-8A7A-440A-991E-E3F497351308}.Release|x64.ActiveCfg = Release|x64
		{DE63354A-8A7A-440A-991E-E3F497351308}.Release|x64.Build.0 = Release|x64
		{2A2CC975-1028-4A1F-96CB-8FC85052E441}.Debug|Win32.ActiveCfg = Debug|Win32
		{2A2CC975-1028-4A1F-96CB-8FC85052E441}.Debug|Win32.Build.0 = Debug|Win32
		{2A2CC975-1028-4A1F-96CB-8FC85052E441}.Debug|x64.ActiveCfg = Debug|x64
		{2A2CC975-1028-4A1F-96CB-8FC85052E441}.Debug|x64.Build.0 = Debug|x64
		{2A2CC975-1028-4A1F-96CB-8FC85052E441}.Game|Win32.ActiveCfg = Release|Win32
		{2A2CC975-1028-4A1F-96CB-8FC85052E441}.Game|Win32.Build.0 = Release|Win32
		{2A2CC975-1028-4A1F-96CB-8FC85052E441}.Game|x64.ActiveCfg = Release|x64
		{2A2CC975-1028-4A1F-96CB-8FC85052E441}.Game|x64.Build.0 = Release|x64
		{2A2CC975-1028-4A1F-96CB-8FC85052E441}.Release|Win32.ActiveCfg = Release|Win32
		{2A2CC975-1028-4A1F-96CB-8FC85052E441}.Release|Win32.Build.0 = Release|Win32
		{2A2CC975-1028-4A1F-96CB-8FC85052E441}.Release|x64.ActiveCfg = Release|x64
		{2A2CC975-1028-4A1F-96CB-8FC85052E441}.Release|x64.Build.0 = Release|x64
	EndGlobalSection
	GlobalSection(SolutionProperties) = preSolution
		HideSolutionNode = FALSE
	EndGlobalSection
	GlobalSection(NestedProjects) = preSolution
		{1AF1AC42-F58A-4F67-AB3C-E4EA5B5167D7} = {0AC04287-A978-48F3-AD0B-3B43FBCA74AA}
		{DE63354A-8A7A-440A-991E-E3F497351308} = {0AC04287-A978-48F3-AD0B-3B43FBCA74AA}
		{2A2CC975-1028-4A1F-96CB-8FC85052E441} = {0AC04287-A978-48F3-AD0B-3B43FBCA74AA}
	EndGlobalSection
	GlobalSection(ExtensibilityGlobals) = postSolution
		SolutionGuid = {2EEEF8C4-9A5C-46E9-B0EB-673227070C0D}
	EndGlobalSection
EndGlobal
