<?xml version="1.0" encoding="utf-8"?>
<Project ToolsVersion="4.0" xmlns="http://schemas.microsoft.com/developer/msbuild/2003">
  <ItemGroup>
    <Filter Include="src">
      <UniqueIdentifier>{cce0252e-3240-49f2-8b5c-057a0014742c}</UniqueIdentifier>
    </Filter>
  </ItemGroup>
  <ItemGroup>
    <ClInclude Include="..\..\Libraries\include\NodeEditor\imgui_node_editor.h">
      <Filter>src</Filter>
    </ClInclude>
    <ClInclude Include="..\..\Libraries\include\NodeEditor\imgui_node_editor_internal.h">
      <Filter>src</Filter>
    </ClInclude>
    <ClInclude Include="..\..\Libraries\include\NodeEditor\crude_json.h">
      <Filter>src</Filter>
    </ClInclude>
    <ClInclude Include="..\..\Libraries\include\NodeEditor\imgui_bezier_math.h">
      <Filter>src</Filter>
    </ClInclude>
    <ClInclude Include="..\..\Libraries\include\NodeEditor\imgui_canvas.h">
      <Filter>src</Filter>
    </ClInclude>
    <ClInclude Include="..\..\Libraries\include\NodeEditor\imgui_extra_math.h">
      <Filter>src</Filter>
    </ClInclude>
  </ItemGroup>
  <ItemGroup>
    <ClCompile Include="..\..\Libraries\include\NodeEditor\imgui_node_editor_api.cpp">
      <Filter>src</Filter>
    </ClCompile>
    <ClCompile Include="..\..\Libraries\include\NodeEditor\crude_json.cpp">
      <Filter>src</Filter>
    </ClCompile>
    <ClCompile Include="..\..\Libraries\include\NodeEditor\imgui_canvas.cpp">
      <Filter>src</Filter>
    </ClCompile>
    <ClCompile Include="..\..\Libraries\include\NodeEditor\imgui_node_editor.cpp">
      <Filter>src</Filter>
    </ClCompile>
  </ItemGroup>
  <ItemGroup>
    <None Include="..\..\Libraries\include\NodeEditor\imgui_node_editor_internal.inl">
      <Filter>src</Filter>
    </None>
    <None Include="..\..\Libraries\include\NodeEditor\imgui_bezier_math.inl">
      <Filter>src</Filter>
    </None>
    <None Include="..\..\Libraries\include\NodeEditor\imgui_extra_math.inl">
      <Filter>src</Filter>
    </None>
  </ItemGroup>
</Project>