<?xml version="1.0" encoding="utf-8"?>
<Project ToolsVersion="4.0" xmlns="http://schemas.microsoft.com/developer/msbuild/2003">
  <ItemGroup>
    <Filter Include="src">
      <UniqueIdentifier>{1a5d30e8-82ca-453e-a6ed-bab9d7cbe176}</UniqueIdentifier>
    </Filter>
    <Filter Include="src\Script">
      <UniqueIdentifier>{aa9f2b9e-7c62-4668-b592-e8c489807a4a}</UniqueIdentifier>
    </Filter>
    <Filter Include="Libraries">
      <UniqueIdentifier>{72440d45-31b0-4e21-b2ec-c06477de2250}</UniqueIdentifier>
    </Filter>
  </ItemGroup>
  <ItemGroup>
    <ClInclude Include="src\Script\ExampleScript.h">
      <Filter>src\Script</Filter>
    </ClInclude>
    <ClInclude Include="src\Script\Script.h">
      <Filter>src\Script</Filter>
    </ClInclude>
  </ItemGroup>
  <ItemGroup>
    <ClCompile Include="src\Script\ExampleScript.cpp">
      <Filter>src\Script</Filter>
    </ClCompile>
    <ClCompile Include="src\Script\Script.cpp">
      <Filter>src\Script</Filter>
    </ClCompile>
  </ItemGroup>
</Project>