<?xml version="1.0" encoding="utf-8"?>
<Project ToolsVersion="4.0" xmlns="http://schemas.microsoft.com/developer/msbuild/2003">
  <ItemGroup>
    <Filter Include="src">
      <UniqueIdentifier>{1a5d30e8-82ca-453e-a6ed-bab9d7cbe176}</UniqueIdentifier>
    </Filter>
    <Filter Include="src\Script">
      <UniqueIdentifier>{aa9f2b9e-7c62-4668-b592-e8c489807a4a}</UniqueIdentifier>
    </Filter>
    <Filter Include="Libraries">
      <UniqueIdentifier>{72440d45-31b0-4e21-b2ec-c06477de2250}</UniqueIdentifier>
    </Filter>
    <Filter Include="src\Script\Player">
      <UniqueIdentifier>{b463d16c-5785-4704-beba-3d59b130ec03}</UniqueIdentifier>
    </Filter>
    <Filter Include="src\Script\Enemy">
      <UniqueIdentifier>{4f8efb08-f09a-4acb-89c9-190a535a082e}</UniqueIdentifier>
    </Filter>
  </ItemGroup>
  <ItemGroup>
    <ClInclude Include="src\Script\ExampleScript.h">
      <Filter>src\Script</Filter>
    </ClInclude>
    <ClInclude Include="src\Script\Script.h">
      <Filter>src\Script</Filter>
    </ClInclude>
    <ClInclude Include="src\Script\TriggerActionScript.h">
      <Filter>src\Script</Filter>
    </ClInclude>
    <ClInclude Include="src\Script\EndOfLevelScript.h">
      <Filter>src\Script</Filter>
    </ClInclude>
    <ClInclude Include="src\Script\CameraController.h">
      <Filter>src\Script</Filter>
    </ClInclude>
    <ClInclude Include="src\Script\SceneCamerasController.h">
      <Filter>src\Script</Filter>
    </ClInclude>
    <ClInclude Include="src\Script\TriggerGravity.h">
      <Filter>src\Script</Filter>
    </ClInclude>
    <ClInclude Include="src\Script\MenuLogic.h">
      <Filter>src\Script</Filter>
    </ClInclude>
    <ClInclude Include="src\Script\DamageScript.h">
      <Filter>src\Script</Filter>
    </ClInclude>
    <ClInclude Include="src\Script\DebugModeScript.h">
      <Filter>src\Script</Filter>
    </ClInclude>
    <ClInclude Include="src\Script\WorldManager.h">
      <Filter>src\Script</Filter>
    </ClInclude>
    <ClInclude Include="src\Script\PlayerController.h">
      <Filter>src\Script\Player</Filter>
    </ClInclude>
    <ClInclude Include="src\Script\PlayerMovement.h">
      <Filter>src\Script\Player</Filter>
    </ClInclude>
    <ClInclude Include="src\Script\PlayerAttack.h">
      <Filter>src\Script\Player</Filter>
    </ClInclude>
    <ClInclude Include="src\Script\EnemyController.h">
      <Filter>src\Script\Enemy</Filter>
    </ClInclude>
    <ClInclude Include="src\Script\EnemyManager.h">
      <Filter>src\Script\Enemy</Filter>
    </ClInclude>
    <ClInclude Include="src\Script\Mushdoom.h">
      <Filter>src\Script\Enemy</Filter>
    </ClInclude>
  </ItemGroup>
  <ItemGroup>
    <ClCompile Include="src\Script\ExampleScript.cpp">
      <Filter>src\Script</Filter>
    </ClCompile>
    <ClCompile Include="src\Script\Script.cpp">
      <Filter>src\Script</Filter>
    </ClCompile>
    <ClCompile Include="src\Script\TriggerActionScript.cpp">
      <Filter>src\Script</Filter>
    </ClCompile>
    <ClCompile Include="src\Script\EndOfLevelScript.cpp">
      <Filter>src\Script</Filter>
    </ClCompile>
    <ClCompile Include="src\Script\CameraController.cpp">
      <Filter>src\Script</Filter>
    </ClCompile>
    <ClCompile Include="src\Script\SceneCamerasController.cpp">
      <Filter>src\Script</Filter>
    </ClCompile>
    <ClCompile Include="src\Script\TriggerGravity.cpp">
      <Filter>src\Script</Filter>
    </ClCompile>
    <ClCompile Include="src\Script\MenuLogic.cpp">
      <Filter>src\Script</Filter>
    </ClCompile>
    <ClCompile Include="src\Script\DamageScript.cpp">
      <Filter>src\Script</Filter>
    </ClCompile>
    <ClCompile Include="src\Script\DebugModeScript.cpp">
      <Filter>src\Script</Filter>
    </ClCompile>
    <ClCompile Include="src\Script\WorldManager.cpp">
      <Filter>src\Script</Filter>
    </ClCompile>
    <ClCompile Include="src\Script\PlayerController.cpp">
      <Filter>src\Script\Player</Filter>
    </ClCompile>
    <ClCompile Include="src\Script\PlayerMovement.cpp">
      <Filter>src\Script\Player</Filter>
    </ClCompile>
    <ClCompile Include="src\Script\PlayerAttack.cpp">
      <Filter>src\Script\Player</Filter>
    </ClCompile>
    <ClCompile Include="src\Script\EnemyController.cpp">
      <Filter>src\Script\Enemy</Filter>
    </ClCompile>
    <ClCompile Include="src\Script\EnemyManager.cpp">
      <Filter>src\Script\Enemy</Filter>
    </ClCompile>
    <ClCompile Include="src\Script\Mushdoom.cpp">
      <Filter>src\Script\Enemy</Filter>
    </ClCompile>
  </ItemGroup>
</Project>