
Microsoft Visual Studio Solution File, Format Version 12.00
# Visual Studio 15
VisualStudioVersion = 15.0.28307.1000
MinimumVisualStudioVersion = 10.0.40219.1
Project("{8BC9CEB8-8B4A-11D0-8D11-00A0C91BC942}") = "GameplaySystem", "GameplaySystem.vcxproj", "{5CD1B9AA-3651-4E51-A4DF-8A4926704A1A}"
EndProject
Global
	GlobalSection(SolutionConfigurationPlatforms) = preSolution
		Debug|x64 = Debug|x64
		Debug|x86 = Debug|x86
		Game|x64 = Game|x64
		Game|x86 = Game|x86
		Release|x64 = Release|x64
		Release|x86 = Release|x86
	EndGlobalSection
	GlobalSection(ProjectConfigurationPlatforms) = postSolution
		{5CD1B9AA-3651-4E51-A4DF-8A4926704A1A}.Debug|x64.ActiveCfg = Debug|x64
		{5CD1B9AA-3651-4E51-A4DF-8A4926704A1A}.Debug|x64.Build.0 = Debug|x64
		{5CD1B9AA-3651-4E51-A4DF-8A4926704A1A}.Debug|x86.ActiveCfg = Debug|Win32
		{5CD1B9AA-3651-4E51-A4DF-8A4926704A1A}.Debug|x86.Build.0 = Debug|Win32
		{5CD1B9AA-3651-4E51-A4DF-8A4926704A1A}.Game|x64.ActiveCfg = Game|x64
		{5CD1B9AA-3651-4E51-A4DF-8A4926704A1A}.Game|x64.Build.0 = Game|x64
		{5CD1B9AA-3651-4E51-A4DF-8A4926704A1A}.Game|x86.ActiveCfg = Game|Win32
		{5CD1B9AA-3651-4E51-A4DF-8A4926704A1A}.Game|x86.Build.0 = Game|Win32
		{5CD1B9AA-3651-4E51-A4DF-8A4926704A1A}.Release|x64.ActiveCfg = Release|x64
		{5CD1B9AA-3651-4E51-A4DF-8A4926704A1A}.Release|x64.Build.0 = Release|x64
		{5CD1B9AA-3651-4E51-A4DF-8A4926704A1A}.Release|x86.ActiveCfg = Release|Win32
		{5CD1B9AA-3651-4E51-A4DF-8A4926704A1A}.Release|x86.Build.0 = Release|Win32
	EndGlobalSection
	GlobalSection(SolutionProperties) = preSolution
		HideSolutionNode = FALSE
	EndGlobalSection
	GlobalSection(ExtensibilityGlobals) = postSolution
		SolutionGuid = {E394E0D0-054D-4D87-AC8B-02B9BAB20E6E}
	EndGlobalSection
EndGlobal
