
Microsoft Visual Studio Solution File, Format Version 12.00
# Visual Studio 15
VisualStudioVersion = 15.0.28307.1062
MinimumVisualStudioVersion = 10.0.40219.1
Project("{8BC9CEB8-8B4A-11D0-8D11-00A0C91BC942}") = "CommandLineProject", "CommandLineProject.vcxproj", "{927C1952-CFDD-42FD-98F2-EFBFD001A654}"
EndProject
Global
	GlobalSection(SolutionConfigurationPlatforms) = preSolution
		Debug|x64 = Debug|x64
		Debug|x86 = Debug|x86
		Release|x64 = Release|x64
		Release|x86 = Release|x86
	EndGlobalSection
	GlobalSection(ProjectConfigurationPlatforms) = postSolution
		{927C1952-CFDD-42FD-98F2-EFBFD001A654}.Debug|x64.ActiveCfg = Debug|x64
		{927C1952-CFDD-42FD-98F2-EFBFD001A654}.Debug|x64.Build.0 = Debug|x64
		{927C1952-CFDD-42FD-98F2-EFBFD001A654}.Debug|x86.ActiveCfg = Debug|Win32
		{927C1952-CFDD-42FD-98F2-EFBFD001A654}.Debug|x86.Build.0 = Debug|Win32
		{927C1952-CFDD-42FD-98F2-EFBFD001A654}.Release|x64.ActiveCfg = Release|x64
		{927C1952-CFDD-42FD-98F2-EFBFD001A654}.Release|x64.Build.0 = Release|x64
		{927C1952-CFDD-42FD-98F2-EFBFD001A654}.Release|x86.ActiveCfg = Release|Win32
		{927C1952-CFDD-42FD-98F2-EFBFD001A654}.Release|x86.Build.0 = Release|Win32
	EndGlobalSection
	GlobalSection(SolutionProperties) = preSolution
		HideSolutionNode = FALSE
	EndGlobalSection
	GlobalSection(ExtensibilityGlobals) = postSolution
		SolutionGuid = {7577B969-F723-4DAA-803E-6C1089F1B457}
	EndGlobalSection
EndGlobal
